// !$*UTF8*$!
{
	archiveVersion = 1;
	classes = {
	};
	objectVersion = 55;
	objects = {

/* Begin PBXBuildFile section */
		01D3B53BED0C2FAFE7954623 /* Pods_HelloRealmTests.framework in Frameworks */ = {isa = PBXBuildFile; fileRef = 83A318BAE61D4DC87004A6A4 /* Pods_HelloRealmTests.framework */; };
		193937B55817AEE4C50FA41D /* Pods_HelloRealm.framework in Frameworks */ = {isa = PBXBuildFile; fileRef = 347EC73B7F2966E5287CCBB2 /* Pods_HelloRealm.framework */; };
		3B25D19A8A6D45E2B532F647 /* Pods_HelloRealm_HelloRealmUITests.framework in Frameworks */ = {isa = PBXBuildFile; fileRef = B33A18479B0CB938AB60AFA1 /* Pods_HelloRealm_HelloRealmUITests.framework */; };
		5A68272E283D7E9A0013F891 /* AppDelegate.swift in Sources */ = {isa = PBXBuildFile; fileRef = 5A68272D283D7E9A0013F891 /* AppDelegate.swift */; };
		5A682730283D7E9A0013F891 /* SceneDelegate.swift in Sources */ = {isa = PBXBuildFile; fileRef = 5A68272F283D7E9A0013F891 /* SceneDelegate.swift */; };
		5A682732283D7E9A0013F891 /* ViewController.swift in Sources */ = {isa = PBXBuildFile; fileRef = 5A682731283D7E9A0013F891 /* ViewController.swift */; };
		5A682735283D7E9A0013F891 /* Main.storyboard in Resources */ = {isa = PBXBuildFile; fileRef = 5A682733283D7E9A0013F891 /* Main.storyboard */; };
		5A682737283D7EA10013F891 /* Assets.xcassets in Resources */ = {isa = PBXBuildFile; fileRef = 5A682736283D7EA10013F891 /* Assets.xcassets */; };
		5A68273A283D7EA10013F891 /* LaunchScreen.storyboard in Resources */ = {isa = PBXBuildFile; fileRef = 5A682738283D7EA10013F891 /* LaunchScreen.storyboard */; };
		5A682745283D7EA10013F891 /* HelloRealmTests.swift in Sources */ = {isa = PBXBuildFile; fileRef = 5A682744283D7EA10013F891 /* HelloRealmTests.swift */; };
		5A68274F283D7EA10013F891 /* HelloRealmUITests.swift in Sources */ = {isa = PBXBuildFile; fileRef = 5A68274E283D7EA10013F891 /* HelloRealmUITests.swift */; };
		5A682751283D7EA10013F891 /* HelloRealmUITestsLaunchTests.swift in Sources */ = {isa = PBXBuildFile; fileRef = 5A682750283D7EA10013F891 /* HelloRealmUITestsLaunchTests.swift */; };
		5A68275E283D848A0013F891 /* User.swift in Sources */ = {isa = PBXBuildFile; fileRef = 5A68275D283D848A0013F891 /* User.swift */; };
/* End PBXBuildFile section */

/* Begin PBXContainerItemProxy section */
		5A682741283D7EA10013F891 /* PBXContainerItemProxy */ = {
			isa = PBXContainerItemProxy;
			containerPortal = 5A682722283D7E9A0013F891 /* Project object */;
			proxyType = 1;
			remoteGlobalIDString = 5A682729283D7E9A0013F891;
			remoteInfo = HelloRealm;
		};
		5A68274B283D7EA10013F891 /* PBXContainerItemProxy */ = {
			isa = PBXContainerItemProxy;
			containerPortal = 5A682722283D7E9A0013F891 /* Project object */;
			proxyType = 1;
			remoteGlobalIDString = 5A682729283D7E9A0013F891;
			remoteInfo = HelloRealm;
		};
/* End PBXContainerItemProxy section */

/* Begin PBXFileReference section */
		070F0B589758BAABAE810327 /* Pods-HelloRealm-HelloRealmUITests.debug.xcconfig */ = {isa = PBXFileReference; includeInIndex = 1; lastKnownFileType = text.xcconfig; name = "Pods-HelloRealm-HelloRealmUITests.debug.xcconfig"; path = "Target Support Files/Pods-HelloRealm-HelloRealmUITests/Pods-HelloRealm-HelloRealmUITests.debug.xcconfig"; sourceTree = "<group>"; };
		0E2A52AAD89111048C236B56 /* Pods-HelloRealmTests.debug.xcconfig */ = {isa = PBXFileReference; includeInIndex = 1; lastKnownFileType = text.xcconfig; name = "Pods-HelloRealmTests.debug.xcconfig"; path = "Target Support Files/Pods-HelloRealmTests/Pods-HelloRealmTests.debug.xcconfig"; sourceTree = "<group>"; };
		16CCA90DC30B58660A12B8AF /* Pods-HelloRealm.release.xcconfig */ = {isa = PBXFileReference; includeInIndex = 1; lastKnownFileType = text.xcconfig; name = "Pods-HelloRealm.release.xcconfig"; path = "Target Support Files/Pods-HelloRealm/Pods-HelloRealm.release.xcconfig"; sourceTree = "<group>"; };
		347EC73B7F2966E5287CCBB2 /* Pods_HelloRealm.framework */ = {isa = PBXFileReference; explicitFileType = wrapper.framework; includeInIndex = 0; path = Pods_HelloRealm.framework; sourceTree = BUILT_PRODUCTS_DIR; };
		5A68272A283D7E9A0013F891 /* HelloRealm.app */ = {isa = PBXFileReference; explicitFileType = wrapper.application; includeInIndex = 0; path = HelloRealm.app; sourceTree = BUILT_PRODUCTS_DIR; };
		5A68272D283D7E9A0013F891 /* AppDelegate.swift */ = {isa = PBXFileReference; lastKnownFileType = sourcecode.swift; path = AppDelegate.swift; sourceTree = "<group>"; };
		5A68272F283D7E9A0013F891 /* SceneDelegate.swift */ = {isa = PBXFileReference; lastKnownFileType = sourcecode.swift; path = SceneDelegate.swift; sourceTree = "<group>"; };
		5A682731283D7E9A0013F891 /* ViewController.swift */ = {isa = PBXFileReference; lastKnownFileType = sourcecode.swift; path = ViewController.swift; sourceTree = "<group>"; };
		5A682734283D7E9A0013F891 /* Base */ = {isa = PBXFileReference; lastKnownFileType = file.storyboard; name = Base; path = Base.lproj/Main.storyboard; sourceTree = "<group>"; };
		5A682736283D7EA10013F891 /* Assets.xcassets */ = {isa = PBXFileReference; lastKnownFileType = folder.assetcatalog; path = Assets.xcassets; sourceTree = "<group>"; };
		5A682739283D7EA10013F891 /* Base */ = {isa = PBXFileReference; lastKnownFileType = file.storyboard; name = Base; path = Base.lproj/LaunchScreen.storyboard; sourceTree = "<group>"; };
		5A68273B283D7EA10013F891 /* Info.plist */ = {isa = PBXFileReference; lastKnownFileType = text.plist.xml; path = Info.plist; sourceTree = "<group>"; };
		5A682740283D7EA10013F891 /* HelloRealmTests.xctest */ = {isa = PBXFileReference; explicitFileType = wrapper.cfbundle; includeInIndex = 0; path = HelloRealmTests.xctest; sourceTree = BUILT_PRODUCTS_DIR; };
		5A682744283D7EA10013F891 /* HelloRealmTests.swift */ = {isa = PBXFileReference; lastKnownFileType = sourcecode.swift; path = HelloRealmTests.swift; sourceTree = "<group>"; };
		5A68274A283D7EA10013F891 /* HelloRealmUITests.xctest */ = {isa = PBXFileReference; explicitFileType = wrapper.cfbundle; includeInIndex = 0; path = HelloRealmUITests.xctest; sourceTree = BUILT_PRODUCTS_DIR; };
		5A68274E283D7EA10013F891 /* HelloRealmUITests.swift */ = {isa = PBXFileReference; lastKnownFileType = sourcecode.swift; path = HelloRealmUITests.swift; sourceTree = "<group>"; };
		5A682750283D7EA10013F891 /* HelloRealmUITestsLaunchTests.swift */ = {isa = PBXFileReference; lastKnownFileType = sourcecode.swift; path = HelloRealmUITestsLaunchTests.swift; sourceTree = "<group>"; };
		5A68275D283D848A0013F891 /* User.swift */ = {isa = PBXFileReference; lastKnownFileType = sourcecode.swift; path = User.swift; sourceTree = "<group>"; };
		83A318BAE61D4DC87004A6A4 /* Pods_HelloRealmTests.framework */ = {isa = PBXFileReference; explicitFileType = wrapper.framework; includeInIndex = 0; path = Pods_HelloRealmTests.framework; sourceTree = BUILT_PRODUCTS_DIR; };
		A7C13B0B104DB17C9E52FE2A /* Pods-HelloRealm.debug.xcconfig */ = {isa = PBXFileReference; includeInIndex = 1; lastKnownFileType = text.xcconfig; name = "Pods-HelloRealm.debug.xcconfig"; path = "Target Support Files/Pods-HelloRealm/Pods-HelloRealm.debug.xcconfig"; sourceTree = "<group>"; };
		B33A18479B0CB938AB60AFA1 /* Pods_HelloRealm_HelloRealmUITests.framework */ = {isa = PBXFileReference; explicitFileType = wrapper.framework; includeInIndex = 0; path = Pods_HelloRealm_HelloRealmUITests.framework; sourceTree = BUILT_PRODUCTS_DIR; };
		D66B6F409A950A831C71F3B4 /* Pods-HelloRealm-HelloRealmUITests.release.xcconfig */ = {isa = PBXFileReference; includeInIndex = 1; lastKnownFileType = text.xcconfig; name = "Pods-HelloRealm-HelloRealmUITests.release.xcconfig"; path = "Target Support Files/Pods-HelloRealm-HelloRealmUITests/Pods-HelloRealm-HelloRealmUITests.release.xcconfig"; sourceTree = "<group>"; };
		E94CDC7ACB0D84A6F3933E44 /* Pods-HelloRealmTests.release.xcconfig */ = {isa = PBXFileReference; includeInIndex = 1; lastKnownFileType = text.xcconfig; name = "Pods-HelloRealmTests.release.xcconfig"; path = "Target Support Files/Pods-HelloRealmTests/Pods-HelloRealmTests.release.xcconfig"; sourceTree = "<group>"; };
/* End PBXFileReference section */

/* Begin PBXFrameworksBuildPhase section */
		5A682727283D7E9A0013F891 /* Frameworks */ = {
			isa = PBXFrameworksBuildPhase;
			buildActionMask = 2147483647;
			files = (
				193937B55817AEE4C50FA41D /* Pods_HelloRealm.framework in Frameworks */,
			);
			runOnlyForDeploymentPostprocessing = 0;
		};
		5A68273D283D7EA10013F891 /* Frameworks */ = {
			isa = PBXFrameworksBuildPhase;
			buildActionMask = 2147483647;
			files = (
				01D3B53BED0C2FAFE7954623 /* Pods_HelloRealmTests.framework in Frameworks */,
			);
			runOnlyForDeploymentPostprocessing = 0;
		};
		5A682747283D7EA10013F891 /* Frameworks */ = {
			isa = PBXFrameworksBuildPhase;
			buildActionMask = 2147483647;
			files = (
				3B25D19A8A6D45E2B532F647 /* Pods_HelloRealm_HelloRealmUITests.framework in Frameworks */,
			);
			runOnlyForDeploymentPostprocessing = 0;
		};
/* End PBXFrameworksBuildPhase section */

/* Begin PBXGroup section */
		58D1320B34028A2E0451F9DA /* Pods */ = {
			isa = PBXGroup;
			children = (
				A7C13B0B104DB17C9E52FE2A /* Pods-HelloRealm.debug.xcconfig */,
				16CCA90DC30B58660A12B8AF /* Pods-HelloRealm.release.xcconfig */,
				070F0B589758BAABAE810327 /* Pods-HelloRealm-HelloRealmUITests.debug.xcconfig */,
				D66B6F409A950A831C71F3B4 /* Pods-HelloRealm-HelloRealmUITests.release.xcconfig */,
				0E2A52AAD89111048C236B56 /* Pods-HelloRealmTests.debug.xcconfig */,
				E94CDC7ACB0D84A6F3933E44 /* Pods-HelloRealmTests.release.xcconfig */,
			);
			path = Pods;
			sourceTree = "<group>";
		};
		5A682721283D7E9A0013F891 = {
			isa = PBXGroup;
			children = (
				5A68272C283D7E9A0013F891 /* HelloRealm */,
				5A682743283D7EA10013F891 /* HelloRealmTests */,
				5A68274D283D7EA10013F891 /* HelloRealmUITests */,
				5A68272B283D7E9A0013F891 /* Products */,
				58D1320B34028A2E0451F9DA /* Pods */,
				8E109CDABFE5B7C8C806F604 /* Frameworks */,
			);
			sourceTree = "<group>";
		};
		5A68272B283D7E9A0013F891 /* Products */ = {
			isa = PBXGroup;
			children = (
				5A68272A283D7E9A0013F891 /* HelloRealm.app */,
				5A682740283D7EA10013F891 /* HelloRealmTests.xctest */,
				5A68274A283D7EA10013F891 /* HelloRealmUITests.xctest */,
			);
			name = Products;
			sourceTree = "<group>";
		};
		5A68272C283D7E9A0013F891 /* HelloRealm */ = {
			isa = PBXGroup;
			children = (
				5A68272D283D7E9A0013F891 /* AppDelegate.swift */,
				5A68272F283D7E9A0013F891 /* SceneDelegate.swift */,
				5A682731283D7E9A0013F891 /* ViewController.swift */,
				5A68275D283D848A0013F891 /* User.swift */,
				5A682733283D7E9A0013F891 /* Main.storyboard */,
				5A682736283D7EA10013F891 /* Assets.xcassets */,
				5A682738283D7EA10013F891 /* LaunchScreen.storyboard */,
				5A68273B283D7EA10013F891 /* Info.plist */,
			);
			path = HelloRealm;
			sourceTree = "<group>";
		};
		5A682743283D7EA10013F891 /* HelloRealmTests */ = {
			isa = PBXGroup;
			children = (
				5A682744283D7EA10013F891 /* HelloRealmTests.swift */,
			);
			path = HelloRealmTests;
			sourceTree = "<group>";
		};
		5A68274D283D7EA10013F891 /* HelloRealmUITests */ = {
			isa = PBXGroup;
			children = (
				5A68274E283D7EA10013F891 /* HelloRealmUITests.swift */,
				5A682750283D7EA10013F891 /* HelloRealmUITestsLaunchTests.swift */,
			);
			path = HelloRealmUITests;
			sourceTree = "<group>";
		};
		8E109CDABFE5B7C8C806F604 /* Frameworks */ = {
			isa = PBXGroup;
			children = (
				347EC73B7F2966E5287CCBB2 /* Pods_HelloRealm.framework */,
				B33A18479B0CB938AB60AFA1 /* Pods_HelloRealm_HelloRealmUITests.framework */,
				83A318BAE61D4DC87004A6A4 /* Pods_HelloRealmTests.framework */,
			);
			name = Frameworks;
			sourceTree = "<group>";
		};
/* End PBXGroup section */

/* Begin PBXNativeTarget section */
		5A682729283D7E9A0013F891 /* HelloRealm */ = {
			isa = PBXNativeTarget;
			buildConfigurationList = 5A682754283D7EA10013F891 /* Build configuration list for PBXNativeTarget "HelloRealm" */;
			buildPhases = (
				BFA3D7677EB84089373A976F /* [CP] Check Pods Manifest.lock */,
				5A682726283D7E9A0013F891 /* Sources */,
				5A682727283D7E9A0013F891 /* Frameworks */,
				5A682728283D7E9A0013F891 /* Resources */,
				0AD9F285C4CEC1C501B2F39E /* [CP] Embed Pods Frameworks */,
			);
			buildRules = (
			);
			dependencies = (
			);
			name = HelloRealm;
			productName = HelloRealm;
			productReference = 5A68272A283D7E9A0013F891 /* HelloRealm.app */;
			productType = "com.apple.product-type.application";
		};
		5A68273F283D7EA10013F891 /* HelloRealmTests */ = {
			isa = PBXNativeTarget;
			buildConfigurationList = 5A682757283D7EA10013F891 /* Build configuration list for PBXNativeTarget "HelloRealmTests" */;
			buildPhases = (
				F0A2E948A8C10E1BCC6510FC /* [CP] Check Pods Manifest.lock */,
				5A68273C283D7EA10013F891 /* Sources */,
				5A68273D283D7EA10013F891 /* Frameworks */,
				5A68273E283D7EA10013F891 /* Resources */,
			);
			buildRules = (
			);
			dependencies = (
				5A682742283D7EA10013F891 /* PBXTargetDependency */,
			);
			name = HelloRealmTests;
			productName = HelloRealmTests;
			productReference = 5A682740283D7EA10013F891 /* HelloRealmTests.xctest */;
			productType = "com.apple.product-type.bundle.unit-test";
		};
		5A682749283D7EA10013F891 /* HelloRealmUITests */ = {
			isa = PBXNativeTarget;
			buildConfigurationList = 5A68275A283D7EA10013F891 /* Build configuration list for PBXNativeTarget "HelloRealmUITests" */;
			buildPhases = (
				B2F075E1C4E56BB54EF3FEBE /* [CP] Check Pods Manifest.lock */,
				5A682746283D7EA10013F891 /* Sources */,
				5A682747283D7EA10013F891 /* Frameworks */,
				5A682748283D7EA10013F891 /* Resources */,
				07EE92BEA7CEF3DEC8CAD424 /* [CP] Embed Pods Frameworks */,
			);
			buildRules = (
			);
			dependencies = (
				5A68274C283D7EA10013F891 /* PBXTargetDependency */,
			);
			name = HelloRealmUITests;
			productName = HelloRealmUITests;
			productReference = 5A68274A283D7EA10013F891 /* HelloRealmUITests.xctest */;
			productType = "com.apple.product-type.bundle.ui-testing";
		};
/* End PBXNativeTarget section */

/* Begin PBXProject section */
		5A682722283D7E9A0013F891 /* Project object */ = {
			isa = PBXProject;
			attributes = {
				BuildIndependentTargetsInParallel = 1;
				LastSwiftUpdateCheck = 1340;
				LastUpgradeCheck = 1340;
				TargetAttributes = {
					5A682729283D7E9A0013F891 = {
						CreatedOnToolsVersion = 13.4;
					};
					5A68273F283D7EA10013F891 = {
						CreatedOnToolsVersion = 13.4;
						TestTargetID = 5A682729283D7E9A0013F891;
					};
					5A682749283D7EA10013F891 = {
						CreatedOnToolsVersion = 13.4;
						TestTargetID = 5A682729283D7E9A0013F891;
					};
				};
			};
			buildConfigurationList = 5A682725283D7E9A0013F891 /* Build configuration list for PBXProject "HelloRealm" */;
			compatibilityVersion = "Xcode 13.0";
			developmentRegion = en;
			hasScannedForEncodings = 0;
			knownRegions = (
				en,
				Base,
			);
			mainGroup = 5A682721283D7E9A0013F891;
			productRefGroup = 5A68272B283D7E9A0013F891 /* Products */;
			projectDirPath = "";
			projectRoot = "";
			targets = (
				5A682729283D7E9A0013F891 /* HelloRealm */,
				5A68273F283D7EA10013F891 /* HelloRealmTests */,
				5A682749283D7EA10013F891 /* HelloRealmUITests */,
			);
		};
/* End PBXProject section */

/* Begin PBXResourcesBuildPhase section */
		5A682728283D7E9A0013F891 /* Resources */ = {
			isa = PBXResourcesBuildPhase;
			buildActionMask = 2147483647;
			files = (
				5A68273A283D7EA10013F891 /* LaunchScreen.storyboard in Resources */,
				5A682737283D7EA10013F891 /* Assets.xcassets in Resources */,
				5A682735283D7E9A0013F891 /* Main.storyboard in Resources */,
			);
			runOnlyForDeploymentPostprocessing = 0;
		};
		5A68273E283D7EA10013F891 /* Resources */ = {
			isa = PBXResourcesBuildPhase;
			buildActionMask = 2147483647;
			files = (
			);
			runOnlyForDeploymentPostprocessing = 0;
		};
		5A682748283D7EA10013F891 /* Resources */ = {
			isa = PBXResourcesBuildPhase;
			buildActionMask = 2147483647;
			files = (
			);
			runOnlyForDeploymentPostprocessing = 0;
		};
/* End PBXResourcesBuildPhase section */

/* Begin PBXShellScriptBuildPhase section */
		07EE92BEA7CEF3DEC8CAD424 /* [CP] Embed Pods Frameworks */ = {
			isa = PBXShellScriptBuildPhase;
			buildActionMask = 2147483647;
			files = (
			);
			inputFileListPaths = (
				"${PODS_ROOT}/Target Support Files/Pods-HelloRealm-HelloRealmUITests/Pods-HelloRealm-HelloRealmUITests-frameworks-${CONFIGURATION}-input-files.xcfilelist",
			);
			name = "[CP] Embed Pods Frameworks";
			outputFileListPaths = (
				"${PODS_ROOT}/Target Support Files/Pods-HelloRealm-HelloRealmUITests/Pods-HelloRealm-HelloRealmUITests-frameworks-${CONFIGURATION}-output-files.xcfilelist",
			);
			runOnlyForDeploymentPostprocessing = 0;
			shellPath = /bin/sh;
			shellScript = "\"${PODS_ROOT}/Target Support Files/Pods-HelloRealm-HelloRealmUITests/Pods-HelloRealm-HelloRealmUITests-frameworks.sh\"\n";
			showEnvVarsInLog = 0;
		};
		0AD9F285C4CEC1C501B2F39E /* [CP] Embed Pods Frameworks */ = {
			isa = PBXShellScriptBuildPhase;
			buildActionMask = 2147483647;
			files = (
			);
			inputFileListPaths = (
				"${PODS_ROOT}/Target Support Files/Pods-HelloRealm/Pods-HelloRealm-frameworks-${CONFIGURATION}-input-files.xcfilelist",
			);
			name = "[CP] Embed Pods Frameworks";
			outputFileListPaths = (
				"${PODS_ROOT}/Target Support Files/Pods-HelloRealm/Pods-HelloRealm-frameworks-${CONFIGURATION}-output-files.xcfilelist",
			);
			runOnlyForDeploymentPostprocessing = 0;
			shellPath = /bin/sh;
			shellScript = "\"${PODS_ROOT}/Target Support Files/Pods-HelloRealm/Pods-HelloRealm-frameworks.sh\"\n";
			showEnvVarsInLog = 0;
		};
		B2F075E1C4E56BB54EF3FEBE /* [CP] Check Pods Manifest.lock */ = {
			isa = PBXShellScriptBuildPhase;
			buildActionMask = 2147483647;
			files = (
			);
			inputFileListPaths = (
			);
			inputPaths = (
				"${PODS_PODFILE_DIR_PATH}/Podfile.lock",
				"${PODS_ROOT}/Manifest.lock",
			);
			name = "[CP] Check Pods Manifest.lock";
			outputFileListPaths = (
			);
			outputPaths = (
				"$(DERIVED_FILE_DIR)/Pods-HelloRealm-HelloRealmUITests-checkManifestLockResult.txt",
			);
			runOnlyForDeploymentPostprocessing = 0;
			shellPath = /bin/sh;
			shellScript = "diff \"${PODS_PODFILE_DIR_PATH}/Podfile.lock\" \"${PODS_ROOT}/Manifest.lock\" > /dev/null\nif [ $? != 0 ] ; then\n    # print error to STDERR\n    echo \"error: The sandbox is not in sync with the Podfile.lock. Run 'pod install' or update your CocoaPods installation.\" >&2\n    exit 1\nfi\n# This output is used by Xcode 'outputs' to avoid re-running this script phase.\necho \"SUCCESS\" > \"${SCRIPT_OUTPUT_FILE_0}\"\n";
			showEnvVarsInLog = 0;
		};
		BFA3D7677EB84089373A976F /* [CP] Check Pods Manifest.lock */ = {
			isa = PBXShellScriptBuildPhase;
			buildActionMask = 2147483647;
			files = (
			);
			inputFileListPaths = (
			);
			inputPaths = (
				"${PODS_PODFILE_DIR_PATH}/Podfile.lock",
				"${PODS_ROOT}/Manifest.lock",
			);
			name = "[CP] Check Pods Manifest.lock";
			outputFileListPaths = (
			);
			outputPaths = (
				"$(DERIVED_FILE_DIR)/Pods-HelloRealm-checkManifestLockResult.txt",
			);
			runOnlyForDeploymentPostprocessing = 0;
			shellPath = /bin/sh;
			shellScript = "diff \"${PODS_PODFILE_DIR_PATH}/Podfile.lock\" \"${PODS_ROOT}/Manifest.lock\" > /dev/null\nif [ $? != 0 ] ; then\n    # print error to STDERR\n    echo \"error: The sandbox is not in sync with the Podfile.lock. Run 'pod install' or update your CocoaPods installation.\" >&2\n    exit 1\nfi\n# This output is used by Xcode 'outputs' to avoid re-running this script phase.\necho \"SUCCESS\" > \"${SCRIPT_OUTPUT_FILE_0}\"\n";
			showEnvVarsInLog = 0;
		};
		F0A2E948A8C10E1BCC6510FC /* [CP] Check Pods Manifest.lock */ = {
			isa = PBXShellScriptBuildPhase;
			buildActionMask = 2147483647;
			files = (
			);
			inputFileListPaths = (
			);
			inputPaths = (
				"${PODS_PODFILE_DIR_PATH}/Podfile.lock",
				"${PODS_ROOT}/Manifest.lock",
			);
			name = "[CP] Check Pods Manifest.lock";
			outputFileListPaths = (
			);
			outputPaths = (
				"$(DERIVED_FILE_DIR)/Pods-HelloRealmTests-checkManifestLockResult.txt",
			);
			runOnlyForDeploymentPostprocessing = 0;
			shellPath = /bin/sh;
			shellScript = "diff \"${PODS_PODFILE_DIR_PATH}/Podfile.lock\" \"${PODS_ROOT}/Manifest.lock\" > /dev/null\nif [ $? != 0 ] ; then\n    # print error to STDERR\n    echo \"error: The sandbox is not in sync with the Podfile.lock. Run 'pod install' or update your CocoaPods installation.\" >&2\n    exit 1\nfi\n# This output is used by Xcode 'outputs' to avoid re-running this script phase.\necho \"SUCCESS\" > \"${SCRIPT_OUTPUT_FILE_0}\"\n";
			showEnvVarsInLog = 0;
		};
/* End PBXShellScriptBuildPhase section */

/* Begin PBXSourcesBuildPhase section */
		5A682726283D7E9A0013F891 /* Sources */ = {
			isa = PBXSourcesBuildPhase;
			buildActionMask = 2147483647;
			files = (
				5A68275E283D848A0013F891 /* User.swift in Sources */,
				5A682732283D7E9A0013F891 /* ViewController.swift in Sources */,
				5A68272E283D7E9A0013F891 /* AppDelegate.swift in Sources */,
				5A682730283D7E9A0013F891 /* SceneDelegate.swift in Sources */,
			);
			runOnlyForDeploymentPostprocessing = 0;
		};
		5A68273C283D7EA10013F891 /* Sources */ = {
			isa = PBXSourcesBuildPhase;
			buildActionMask = 2147483647;
			files = (
				5A682745283D7EA10013F891 /* HelloRealmTests.swift in Sources */,
			);
			runOnlyForDeploymentPostprocessing = 0;
		};
		5A682746283D7EA10013F891 /* Sources */ = {
			isa = PBXSourcesBuildPhase;
			buildActionMask = 2147483647;
			files = (
				5A68274F283D7EA10013F891 /* HelloRealmUITests.swift in Sources */,
				5A682751283D7EA10013F891 /* HelloRealmUITestsLaunchTests.swift in Sources */,
			);
			runOnlyForDeploymentPostprocessing = 0;
		};
/* End PBXSourcesBuildPhase section */

/* Begin PBXTargetDependency section */
		5A682742283D7EA10013F891 /* PBXTargetDependency */ = {
			isa = PBXTargetDependency;
			target = 5A682729283D7E9A0013F891 /* HelloRealm */;
			targetProxy = 5A682741283D7EA10013F891 /* PBXContainerItemProxy */;
		};
		5A68274C283D7EA10013F891 /* PBXTargetDependency */ = {
			isa = PBXTargetDependency;
			target = 5A682729283D7E9A0013F891 /* HelloRealm */;
			targetProxy = 5A68274B283D7EA10013F891 /* PBXContainerItemProxy */;
		};
/* End PBXTargetDependency section */

/* Begin PBXVariantGroup section */
		5A682733283D7E9A0013F891 /* Main.storyboard */ = {
			isa = PBXVariantGroup;
			children = (
				5A682734283D7E9A0013F891 /* Base */,
			);
			name = Main.storyboard;
			sourceTree = "<group>";
		};
		5A682738283D7EA10013F891 /* LaunchScreen.storyboard */ = {
			isa = PBXVariantGroup;
			children = (
				5A682739283D7EA10013F891 /* Base */,
			);
			name = LaunchScreen.storyboard;
			sourceTree = "<group>";
		};
/* End PBXVariantGroup section */

/* Begin XCBuildConfiguration section */
		5A682752283D7EA10013F891 /* Debug */ = {
			isa = XCBuildConfiguration;
			buildSettings = {
				ALWAYS_SEARCH_USER_PATHS = NO;
				CLANG_ANALYZER_NONNULL = YES;
				CLANG_ANALYZER_NUMBER_OBJECT_CONVERSION = YES_AGGRESSIVE;
				CLANG_CXX_LANGUAGE_STANDARD = "gnu++17";
				CLANG_ENABLE_MODULES = YES;
				CLANG_ENABLE_OBJC_ARC = YES;
				CLANG_ENABLE_OBJC_WEAK = YES;
				CLANG_WARN_BLOCK_CAPTURE_AUTORELEASING = YES;
				CLANG_WARN_BOOL_CONVERSION = YES;
				CLANG_WARN_COMMA = YES;
				CLANG_WARN_CONSTANT_CONVERSION = YES;
				CLANG_WARN_DEPRECATED_OBJC_IMPLEMENTATIONS = YES;
				CLANG_WARN_DIRECT_OBJC_ISA_USAGE = YES_ERROR;
				CLANG_WARN_DOCUMENTATION_COMMENTS = YES;
				CLANG_WARN_EMPTY_BODY = YES;
				CLANG_WARN_ENUM_CONVERSION = YES;
				CLANG_WARN_INFINITE_RECURSION = YES;
				CLANG_WARN_INT_CONVERSION = YES;
				CLANG_WARN_NON_LITERAL_NULL_CONVERSION = YES;
				CLANG_WARN_OBJC_IMPLICIT_RETAIN_SELF = YES;
				CLANG_WARN_OBJC_LITERAL_CONVERSION = YES;
				CLANG_WARN_OBJC_ROOT_CLASS = YES_ERROR;
				CLANG_WARN_QUOTED_INCLUDE_IN_FRAMEWORK_HEADER = YES;
				CLANG_WARN_RANGE_LOOP_ANALYSIS = YES;
				CLANG_WARN_STRICT_PROTOTYPES = YES;
				CLANG_WARN_SUSPICIOUS_MOVE = YES;
				CLANG_WARN_UNGUARDED_AVAILABILITY = YES_AGGRESSIVE;
				CLANG_WARN_UNREACHABLE_CODE = YES;
				CLANG_WARN__DUPLICATE_METHOD_MATCH = YES;
				COPY_PHASE_STRIP = NO;
				DEBUG_INFORMATION_FORMAT = dwarf;
				ENABLE_STRICT_OBJC_MSGSEND = YES;
				ENABLE_TESTABILITY = YES;
				GCC_C_LANGUAGE_STANDARD = gnu11;
				GCC_DYNAMIC_NO_PIC = NO;
				GCC_NO_COMMON_BLOCKS = YES;
				GCC_OPTIMIZATION_LEVEL = 0;
				GCC_PREPROCESSOR_DEFINITIONS = (
					"DEBUG=1",
					"$(inherited)",
				);
				GCC_WARN_64_TO_32_BIT_CONVERSION = YES;
				GCC_WARN_ABOUT_RETURN_TYPE = YES_ERROR;
				GCC_WARN_UNDECLARED_SELECTOR = YES;
				GCC_WARN_UNINITIALIZED_AUTOS = YES_AGGRESSIVE;
				GCC_WARN_UNUSED_FUNCTION = YES;
				GCC_WARN_UNUSED_VARIABLE = YES;
				IPHONEOS_DEPLOYMENT_TARGET = 15.5;
				MTL_ENABLE_DEBUG_INFO = INCLUDE_SOURCE;
				MTL_FAST_MATH = YES;
				ONLY_ACTIVE_ARCH = YES;
				SDKROOT = iphoneos;
				SWIFT_ACTIVE_COMPILATION_CONDITIONS = DEBUG;
				SWIFT_OPTIMIZATION_LEVEL = "-Onone";
			};
			name = Debug;
		};
		5A682753283D7EA10013F891 /* Release */ = {
			isa = XCBuildConfiguration;
			buildSettings = {
				ALWAYS_SEARCH_USER_PATHS = NO;
				CLANG_ANALYZER_NONNULL = YES;
				CLANG_ANALYZER_NUMBER_OBJECT_CONVERSION = YES_AGGRESSIVE;
				CLANG_CXX_LANGUAGE_STANDARD = "gnu++17";
				CLANG_ENABLE_MODULES = YES;
				CLANG_ENABLE_OBJC_ARC = YES;
				CLANG_ENABLE_OBJC_WEAK = YES;
				CLANG_WARN_BLOCK_CAPTURE_AUTORELEASING = YES;
				CLANG_WARN_BOOL_CONVERSION = YES;
				CLANG_WARN_COMMA = YES;
				CLANG_WARN_CONSTANT_CONVERSION = YES;
				CLANG_WARN_DEPRECATED_OBJC_IMPLEMENTATIONS = YES;
				CLANG_WARN_DIRECT_OBJC_ISA_USAGE = YES_ERROR;
				CLANG_WARN_DOCUMENTATION_COMMENTS = YES;
				CLANG_WARN_EMPTY_BODY = YES;
				CLANG_WARN_ENUM_CONVERSION = YES;
				CLANG_WARN_INFINITE_RECURSION = YES;
				CLANG_WARN_INT_CONVERSION = YES;
				CLANG_WARN_NON_LITERAL_NULL_CONVERSION = YES;
				CLANG_WARN_OBJC_IMPLICIT_RETAIN_SELF = YES;
				CLANG_WARN_OBJC_LITERAL_CONVERSION = YES;
				CLANG_WARN_OBJC_ROOT_CLASS = YES_ERROR;
				CLANG_WARN_QUOTED_INCLUDE_IN_FRAMEWORK_HEADER = YES;
				CLANG_WARN_RANGE_LOOP_ANALYSIS = YES;
				CLANG_WARN_STRICT_PROTOTYPES = YES;
				CLANG_WARN_SUSPICIOUS_MOVE = YES;
				CLANG_WARN_UNGUARDED_AVAILABILITY = YES_AGGRESSIVE;
				CLANG_WARN_UNREACHABLE_CODE = YES;
				CLANG_WARN__DUPLICATE_METHOD_MATCH = YES;
				COPY_PHASE_STRIP = NO;
				DEBUG_INFORMATION_FORMAT = "dwarf-with-dsym";
				ENABLE_NS_ASSERTIONS = NO;
				ENABLE_STRICT_OBJC_MSGSEND = YES;
				GCC_C_LANGUAGE_STANDARD = gnu11;
				GCC_NO_COMMON_BLOCKS = YES;
				GCC_WARN_64_TO_32_BIT_CONVERSION = YES;
				GCC_WARN_ABOUT_RETURN_TYPE = YES_ERROR;
				GCC_WARN_UNDECLARED_SELECTOR = YES;
				GCC_WARN_UNINITIALIZED_AUTOS = YES_AGGRESSIVE;
				GCC_WARN_UNUSED_FUNCTION = YES;
				GCC_WARN_UNUSED_VARIABLE = YES;
				IPHONEOS_DEPLOYMENT_TARGET = 15.5;
				MTL_ENABLE_DEBUG_INFO = NO;
				MTL_FAST_MATH = YES;
				SDKROOT = iphoneos;
				SWIFT_COMPILATION_MODE = wholemodule;
				SWIFT_OPTIMIZATION_LEVEL = "-O";
				VALIDATE_PRODUCT = YES;
			};
			name = Release;
		};
		5A682755283D7EA10013F891 /* Debug */ = {
			isa = XCBuildConfiguration;
			baseConfigurationReference = A7C13B0B104DB17C9E52FE2A /* Pods-HelloRealm.debug.xcconfig */;
			buildSettings = {
				ASSETCATALOG_COMPILER_APPICON_NAME = AppIcon;
				ASSETCATALOG_COMPILER_GLOBAL_ACCENT_COLOR_NAME = AccentColor;
				CODE_SIGN_STYLE = Automatic;
				CURRENT_PROJECT_VERSION = 1;
				GENERATE_INFOPLIST_FILE = YES;
				INFOPLIST_FILE = HelloRealm/Info.plist;
				INFOPLIST_KEY_UIApplicationSupportsIndirectInputEvents = YES;
				INFOPLIST_KEY_UILaunchStoryboardName = LaunchScreen;
				INFOPLIST_KEY_UIMainStoryboardFile = Main;
				INFOPLIST_KEY_UISupportedInterfaceOrientations_iPad = "UIInterfaceOrientationPortrait UIInterfaceOrientationPortraitUpsideDown UIInterfaceOrientationLandscapeLeft UIInterfaceOrientationLandscapeRight";
				INFOPLIST_KEY_UISupportedInterfaceOrientations_iPhone = "UIInterfaceOrientationPortrait UIInterfaceOrientationLandscapeLeft UIInterfaceOrientationLandscapeRight";
				LD_RUNPATH_SEARCH_PATHS = (
					"$(inherited)",
					"@executable_path/Frameworks",
				);
				MARKETING_VERSION = 1.0;
				PRODUCT_BUNDLE_IDENTIFIER = im.hiro.HelloRealm;
				PRODUCT_NAME = "$(TARGET_NAME)";
				SWIFT_EMIT_LOC_STRINGS = YES;
				SWIFT_VERSION = 5.0;
				TARGETED_DEVICE_FAMILY = "1,2";
			};
			name = Debug;
		};
		5A682756283D7EA10013F891 /* Release */ = {
			isa = XCBuildConfiguration;
			baseConfigurationReference = 16CCA90DC30B58660A12B8AF /* Pods-HelloRealm.release.xcconfig */;
			buildSettings = {
				ASSETCATALOG_COMPILER_APPICON_NAME = AppIcon;
				ASSETCATALOG_COMPILER_GLOBAL_ACCENT_COLOR_NAME = AccentColor;
				CODE_SIGN_STYLE = Automatic;
				CURRENT_PROJECT_VERSION = 1;
				GENERATE_INFOPLIST_FILE = YES;
				INFOPLIST_FILE = HelloRealm/Info.plist;
				INFOPLIST_KEY_UIApplicationSupportsIndirectInputEvents = YES;
				INFOPLIST_KEY_UILaunchStoryboardName = LaunchScreen;
				INFOPLIST_KEY_UIMainStoryboardFile = Main;
				INFOPLIST_KEY_UISupportedInterfaceOrientations_iPad = "UIInterfaceOrientationPortrait UIInterfaceOrientationPortraitUpsideDown UIInterfaceOrientationLandscapeLeft UIInterfaceOrientationLandscapeRight";
				INFOPLIST_KEY_UISupportedInterfaceOrientations_iPhone = "UIInterfaceOrientationPortrait UIInterfaceOrientationLandscapeLeft UIInterfaceOrientationLandscapeRight";
				LD_RUNPATH_SEARCH_PATHS = (
					"$(inherited)",
					"@executable_path/Frameworks",
				);
				MARKETING_VERSION = 1.0;
				PRODUCT_BUNDLE_IDENTIFIER = im.hiro.HelloRealm;
				PRODUCT_NAME = "$(TARGET_NAME)";
				SWIFT_EMIT_LOC_STRINGS = YES;
				SWIFT_VERSION = 5.0;
				TARGETED_DEVICE_FAMILY = "1,2";
			};
			name = Release;
		};
		5A682758283D7EA10013F891 /* Debug */ = {
			isa = XCBuildConfiguration;
			baseConfigurationReference = 0E2A52AAD89111048C236B56 /* Pods-HelloRealmTests.debug.xcconfig */;
			buildSettings = {
				ALWAYS_EMBED_SWIFT_STANDARD_LIBRARIES = YES;
				BUNDLE_LOADER = "$(TEST_HOST)";
				CODE_SIGN_STYLE = Automatic;
				CURRENT_PROJECT_VERSION = 1;
				GENERATE_INFOPLIST_FILE = YES;
				IPHONEOS_DEPLOYMENT_TARGET = 15.5;
				MARKETING_VERSION = 1.0;
				PRODUCT_BUNDLE_IDENTIFIER = im.hiro.HelloRealmTests;
				PRODUCT_NAME = "$(TARGET_NAME)";
				SWIFT_EMIT_LOC_STRINGS = NO;
				SWIFT_VERSION = 5.0;
				TARGETED_DEVICE_FAMILY = "1,2";
				TEST_HOST = "$(BUILT_PRODUCTS_DIR)/HelloRealm.app/HelloRealm";
			};
			name = Debug;
		};
		5A682759283D7EA10013F891 /* Release */ = {
			isa = XCBuildConfiguration;
			baseConfigurationReference = E94CDC7ACB0D84A6F3933E44 /* Pods-HelloRealmTests.release.xcconfig */;
			buildSettings = {
				ALWAYS_EMBED_SWIFT_STANDARD_LIBRARIES = YES;
				BUNDLE_LOADER = "$(TEST_HOST)";
				CODE_SIGN_STYLE = Automatic;
				CURRENT_PROJECT_VERSION = 1;
				GENERATE_INFOPLIST_FILE = YES;
				IPHONEOS_DEPLOYMENT_TARGET = 15.5;
				MARKETING_VERSION = 1.0;
				PRODUCT_BUNDLE_IDENTIFIER = im.hiro.HelloRealmTests;
				PRODUCT_NAME = "$(TARGET_NAME)";
				SWIFT_EMIT_LOC_STRINGS = NO;
				SWIFT_VERSION = 5.0;
				TARGETED_DEVICE_FAMILY = "1,2";
				TEST_HOST = "$(BUILT_PRODUCTS_DIR)/HelloRealm.app/HelloRealm";
			};
			name = Release;
		};
		5A68275B283D7EA10013F891 /* Debug */ = {
			isa = XCBuildConfiguration;
			baseConfigurationReference = 070F0B589758BAABAE810327 /* Pods-HelloRealm-HelloRealmUITests.debug.xcconfig */;
			buildSettings = {
				ALWAYS_EMBED_SWIFT_STANDARD_LIBRARIES = YES;
				CODE_SIGN_STYLE = Automatic;
				CURRENT_PROJECT_VERSION = 1;
				GENERATE_INFOPLIST_FILE = YES;
				MARKETING_VERSION = 1.0;
				PRODUCT_BUNDLE_IDENTIFIER = im.hiro.HelloRealmUITests;
				PRODUCT_NAME = "$(TARGET_NAME)";
				SWIFT_EMIT_LOC_STRINGS = NO;
				SWIFT_VERSION = 5.0;
				TARGETED_DEVICE_FAMILY = "1,2";
				TEST_TARGET_NAME = HelloRealm;
			};
			name = Debug;
		};
		5A68275C283D7EA10013F891 /* Release */ = {
			isa = XCBuildConfiguration;
			baseConfigurationReference = D66B6F409A950A831C71F3B4 /* Pods-HelloRealm-HelloRealmUITests.release.xcconfig */;
			buildSettings = {
				ALWAYS_EMBED_SWIFT_STANDARD_LIBRARIES = YES;
				CODE_SIGN_STYLE = Automatic;
				CURRENT_PROJECT_VERSION = 1;
				GENERATE_INFOPLIST_FILE = YES;
				MARKETING_VERSION = 1.0;
				PRODUCT_BUNDLE_IDENTIFIER = im.hiro.HelloRealmUITests;
				PRODUCT_NAME = "$(TARGET_NAME)";
				SWIFT_EMIT_LOC_STRINGS = NO;
				SWIFT_VERSION = 5.0;
				TARGETED_DEVICE_FAMILY = "1,2";
				TEST_TARGET_NAME = HelloRealm;
			};
			name = Release;
		};
/* End XCBuildConfiguration section */

/* Begin XCConfigurationList section */
		5A682725283D7E9A0013F891 /* Build configuration list for PBXProject "HelloRealm" */ = {
			isa = XCConfigurationList;
			buildConfigurations = (
				5A682752283D7EA10013F891 /* Debug */,
				5A682753283D7EA10013F891 /* Release */,
			);
			defaultConfigurationIsVisible = 0;
			defaultConfigurationName = Release;
		};
		5A682754283D7EA10013F891 /* Build configuration list for PBXNativeTarget "HelloRealm" */ = {
			isa = XCConfigurationList;
			buildConfigurations = (
				5A682755283D7EA10013F891 /* Debug */,
				5A682756283D7EA10013F891 /* Release */,
			);
			defaultConfigurationIsVisible = 0;
			defaultConfigurationName = Release;
		};
		5A682757283D7EA10013F891 /* Build configuration list for PBXNativeTarget "HelloRealmTests" */ = {
			isa = XCConfigurationList;
			buildConfigurations = (
				5A682758283D7EA10013F891 /* Debug */,
				5A682759283D7EA10013F891 /* Release */,
			);
			defaultConfigurationIsVisible = 0;
			defaultConfigurationName = Release;
		};
		5A68275A283D7EA10013F891 /* Build configuration list for PBXNativeTarget "HelloRealmUITests" */ = {
			isa = XCConfigurationList;
			buildConfigurations = (
				5A68275B283D7EA10013F891 /* Debug */,
				5A68275C283D7EA10013F891 /* Release */,
			);
			defaultConfigurationIsVisible = 0;
			defaultConfigurationName = Release;
		};
/* End XCConfigurationList section */
	};
	rootObject = 5A682722283D7E9A0013F891 /* Project object */;
}
